
Microsoft Visual Studio Solution File, Format Version 11.00
# Visual Studio 2010
Project("{8BC9CEB8-8B4A-11D0-8D11-00A0C91BC942}") = "RPG", "RPG\RPG.vcxproj", "{EF172781-E75C-4627-A071-4B8F18B3E970}"
EndProject
Global
	GlobalSection(SolutionConfigurationPlatforms) = preSolution
		Debug|Win32 = Debug|Win32
		Release|Win32 = Release|Win32
	EndGlobalSection
	GlobalSection(ProjectConfigurationPlatforms) = postSolution
		{EF172781-E75C-4627-A071-4B8F18B3E970}.Debug|Win32.ActiveCfg = Debug|Win32
		{EF172781-E75C-4627-A071-4B8F18B3E970}.Debug|Win32.Build.0 = Debug|Win32
		{EF172781-E75C-4627-A071-4B8F18B3E970}.Release|Win32.ActiveCfg = Release|Win32
		{EF172781-E75C-4627-A071-4B8F18B3E970}.Release|Win32.Build.0 = Release|Win32
	EndGlobalSection
	GlobalSection(SolutionProperties) = preSolution
		HideSolutionNode = FALSE
	EndGlobalSection
EndGlobal
